
Microsoft Visual Studio Solution File, Format Version 12.00
# Visual Studio Version 17
VisualStudioVersion = 17.11.35312.102
MinimumVisualStudioVersion = 10.0.40219.1
Project("{9A19103F-16F7-4668-BE54-9A1E7A4F7556}") = "SeedFinder", "SeedFinder\SeedFinder\SeedFinder.csproj", "{4DB03552-4286-4A47-9018-C415DC0753C9}"
EndProject
Project("{9A19103F-16F7-4668-BE54-9A1E7A4F7556}") = "SeedFinder.Client", "SeedFinder\SeedFinder.Client\SeedFinder.Client.csproj", "{31BFCB58-3DED-4817-AB09-59D64D3C2AA4}"
EndProject
Global
	GlobalSection(SolutionConfigurationPlatforms) = preSolution
		Debug|Any CPU = Debug|Any CPU
		Release|Any CPU = Release|Any CPU
	EndGlobalSection
	GlobalSection(ProjectConfigurationPlatforms) = postSolution
		{4DB03552-4286-4A47-9018-C415DC0753C9}.Debug|Any CPU.ActiveCfg = Debug|Any CPU
		{4DB03552-4286-4A47-9018-C415DC0753C9}.Debug|Any CPU.Build.0 = Debug|Any CPU
		{4DB03552-4286-4A47-9018-C415DC0753C9}.Release|Any CPU.ActiveCfg = Release|Any CPU
		{4DB03552-4286-4A47-9018-C415DC0753C9}.Release|Any CPU.Build.0 = Release|Any CPU
		{31BFCB58-3DED-4817-AB09-59D64D3C2AA4}.Debug|Any CPU.ActiveCfg = Debug|Any CPU
		{31BFCB58-3DED-4817-AB09-59D64D3C2AA4}.Debug|Any CPU.Build.0 = Debug|Any CPU
		{31BFCB58-3DED-4817-AB09-59D64D3C2AA4}.Release|Any CPU.ActiveCfg = Release|Any CPU
		{31BFCB58-3DED-4817-AB09-59D64D3C2AA4}.Release|Any CPU.Build.0 = Release|Any CPU
	EndGlobalSection
	GlobalSection(SolutionProperties) = preSolution
		HideSolutionNode = FALSE
	EndGlobalSection
	GlobalSection(ExtensibilityGlobals) = postSolution
		SolutionGuid = {4E18372E-709C-449D-A0E8-B78832398F8C}
	EndGlobalSection
EndGlobal
