
Microsoft Visual Studio Solution File, Format Version 12.00
# Visual Studio Version 17
VisualStudioVersion = 17.11.35312.102
MinimumVisualStudioVersion = 10.0.40219.1
Project("{9A19103F-16F7-4668-BE54-9A1E7A4F7556}") = "TraitFinderApp", "TraitFinderApp\TraitFinderApp.csproj", "{4ECDED54-0E4F-414E-BB84-C30B453851C2}"
EndProject
Project("{FAE04EC0-301F-11D3-BF4B-00C04F79EFBC}") = "MixingExtractor", "MixingExtractor\MixingExtractor.csproj", "{DD655AF0-4297-4001-BA4B-5072B375AF41}"
EndProject
Global
	GlobalSection(SolutionConfigurationPlatforms) = preSolution
		Debug|Any CPU = Debug|Any CPU
		Release|Any CPU = Release|Any CPU
	EndGlobalSection
	GlobalSection(ProjectConfigurationPlatforms) = postSolution
		{4ECDED54-0E4F-414E-BB84-C30B453851C2}.Debug|Any CPU.ActiveCfg = Debug|Any CPU
		{4ECDED54-0E4F-414E-BB84-C30B453851C2}.Debug|Any CPU.Build.0 = Debug|Any CPU
		{4ECDED54-0E4F-414E-BB84-C30B453851C2}.Release|Any CPU.ActiveCfg = Release|Any CPU
		{4ECDED54-0E4F-414E-BB84-C30B453851C2}.Release|Any CPU.Build.0 = Release|Any CPU
		{DD655AF0-4297-4001-BA4B-5072B375AF41}.Debug|Any CPU.ActiveCfg = Debug|Any CPU
		{DD655AF0-4297-4001-BA4B-5072B375AF41}.Debug|Any CPU.Build.0 = Debug|Any CPU
		{DD655AF0-4297-4001-BA4B-5072B375AF41}.Release|Any CPU.ActiveCfg = Release|Any CPU
		{DD655AF0-4297-4001-BA4B-5072B375AF41}.Release|Any CPU.Build.0 = Release|Any CPU
	EndGlobalSection
	GlobalSection(SolutionProperties) = preSolution
		HideSolutionNode = FALSE
	EndGlobalSection
	GlobalSection(ExtensibilityGlobals) = postSolution
		SolutionGuid = {4E18372E-709C-449D-A0E8-B78832398F8C}
	EndGlobalSection
EndGlobal
